
Microsoft Visual Studio Solution File, Format Version 12.00
# Visual Studio Version 16
VisualStudioVersion = 16.0.30804.86
MinimumVisualStudioVersion = 10.0.40219.1
Project("{FAE04EC0-301F-11D3-BF4B-00C04F79EFBC}") = "FirstStepsInCoding", "FirstStepsInCoding\FirstStepsInCoding.csproj", "{C6B7B105-9E1B-4935-A385-44BAD47333F7}"
EndProject
Project("{FAE04EC0-301F-11D3-BF4B-00C04F79EFBC}") = "Nums 1-10", "Nums 1-10\Nums 1-10.csproj", "{44662D19-50F0-42CB-82CE-3E137A493130}"
EndProject
Project("{FAE04EC0-301F-11D3-BF4B-00C04F79EFBC}") = "SquareArea", "SquareArea\SquareArea.csproj", "{DDE8619D-69C4-4490-9B84-17A5F090AE22}"
EndProject
Project("{FAE04EC0-301F-11D3-BF4B-00C04F79EFBC}") = "InchesToCentimeters", "InchesToCentimeters\InchesToCentimeters.csproj", "{6E7478DB-0810-4A74-8E5D-31D805198C17}"
EndProject
Project("{FAE04EC0-301F-11D3-BF4B-00C04F79EFBC}") = "GreetingByName", "GreetingByName\GreetingByName.csproj", "{985FE984-F3E7-49A0-A076-5E65AE8390F1}"
EndProject
Project("{FAE04EC0-301F-11D3-BF4B-00C04F79EFBC}") = "ConcatenateData", "ConcatenateData\ConcatenateData.csproj", "{C404ADFA-5E6D-481C-AE21-46522F871267}"
EndProject
Project("{FAE04EC0-301F-11D3-BF4B-00C04F79EFBC}") = "ProjectsCreation", "ProjectsCreation\ProjectsCreation.csproj", "{4BAA9B6B-74EA-49B0-901B-E7D05A105479}"
EndProject
Project("{FAE04EC0-301F-11D3-BF4B-00C04F79EFBC}") = "PetShop", "PetShop\PetShop.csproj", "{73CE7EAB-FEA5-4881-A34C-7EC8BD58EF66}"
EndProject
Project("{FAE04EC0-301F-11D3-BF4B-00C04F79EFBC}") = "YardGreening", "YardGreening\YardGreening.csproj", "{0B73D2BD-BBC0-4D42-90AB-9AD1E2CD495A}"
EndProject
Project("{FAE04EC0-301F-11D3-BF4B-00C04F79EFBC}") = "USD-to-BGN", "USD-to-BGN\USD-to-BGN.csproj", "{AF403BA2-EBB8-438A-A541-E8668A8F160A}"
EndProject
Project("{FAE04EC0-301F-11D3-BF4B-00C04F79EFBC}") = "RadiansToDegrees", "RadiansToDegrees\RadiansToDegrees.csproj", "{3898E635-272C-4DBC-94F7-D3FACBFE82CD}"
EndProject
Project("{FAE04EC0-301F-11D3-BF4B-00C04F79EFBC}") = "DepositCalculator", "DepositCalculator\DepositCalculator.csproj", "{BCE98205-E757-4EB0-8291-A5CFA26EFB68}"
EndProject
Project("{FAE04EC0-301F-11D3-BF4B-00C04F79EFBC}") = "VacationBooksList", "VacationBooksList\VacationBooksList.csproj", "{480D6601-3909-43DD-9FBC-54AFC7458F89}"
EndProject
Project("{FAE04EC0-301F-11D3-BF4B-00C04F79EFBC}") = "BirthdayParty", "BirthdayParty\BirthdayParty.csproj", "{7056B96F-795C-4FE1-B659-4F44AA6B66ED}"
EndProject
Project("{FAE04EC0-301F-11D3-BF4B-00C04F79EFBC}") = "CharityCampaign", "CharityCampaign\CharityCampaign.csproj", "{605FE962-2263-4D84-93DE-F71FFE82BC35}"
EndProject
Project("{FAE04EC0-301F-11D3-BF4B-00C04F79EFBC}") = "FruitMarket", "FruitMarket\FruitMarket.csproj", "{262F68F4-4615-45A3-9B2D-6EBFD6B18B5E}"
EndProject
Project("{FAE04EC0-301F-11D3-BF4B-00C04F79EFBC}") = "FishTank", "FishTank\FishTank.csproj", "{12ABD891-EF7E-4B72-970D-4EE872E2B856}"
EndProject
Global
	GlobalSection(SolutionConfigurationPlatforms) = preSolution
		Debug|Any CPU = Debug|Any CPU
		Release|Any CPU = Release|Any CPU
	EndGlobalSection
	GlobalSection(ProjectConfigurationPlatforms) = postSolution
		{C6B7B105-9E1B-4935-A385-44BAD47333F7}.Debug|Any CPU.ActiveCfg = Debug|Any CPU
		{C6B7B105-9E1B-4935-A385-44BAD47333F7}.Debug|Any CPU.Build.0 = Debug|Any CPU
		{C6B7B105-9E1B-4935-A385-44BAD47333F7}.Release|Any CPU.ActiveCfg = Release|Any CPU
		{C6B7B105-9E1B-4935-A385-44BAD47333F7}.Release|Any CPU.Build.0 = Release|Any CPU
		{44662D19-50F0-42CB-82CE-3E137A493130}.Debug|Any CPU.ActiveCfg = Debug|Any CPU
		{44662D19-50F0-42CB-82CE-3E137A493130}.Debug|Any CPU.Build.0 = Debug|Any CPU
		{44662D19-50F0-42CB-82CE-3E137A493130}.Release|Any CPU.ActiveCfg = Release|Any CPU
		{44662D19-50F0-42CB-82CE-3E137A493130}.Release|Any CPU.Build.0 = Release|Any CPU
		{DDE8619D-69C4-4490-9B84-17A5F090AE22}.Debug|Any CPU.ActiveCfg = Debug|Any CPU
		{DDE8619D-69C4-4490-9B84-17A5F090AE22}.Debug|Any CPU.Build.0 = Debug|Any CPU
		{DDE8619D-69C4-4490-9B84-17A5F090AE22}.Release|Any CPU.ActiveCfg = Release|Any CPU
		{DDE8619D-69C4-4490-9B84-17A5F090AE22}.Release|Any CPU.Build.0 = Release|Any CPU
		{6E7478DB-0810-4A74-8E5D-31D805198C17}.Debug|Any CPU.ActiveCfg = Debug|Any CPU
		{6E7478DB-0810-4A74-8E5D-31D805198C17}.Debug|Any CPU.Build.0 = Debug|Any CPU
		{6E7478DB-0810-4A74-8E5D-31D805198C17}.Release|Any CPU.ActiveCfg = Release|Any CPU
		{6E7478DB-0810-4A74-8E5D-31D805198C17}.Release|Any CPU.Build.0 = Release|Any CPU
		{985FE984-F3E7-49A0-A076-5E65AE8390F1}.Debug|Any CPU.ActiveCfg = Debug|Any CPU
		{985FE984-F3E7-49A0-A076-5E65AE8390F1}.Debug|Any CPU.Build.0 = Debug|Any CPU
		{985FE984-F3E7-49A0-A076-5E65AE8390F1}.Release|Any CPU.ActiveCfg = Release|Any CPU
		{985FE984-F3E7-49A0-A076-5E65AE8390F1}.Release|Any CPU.Build.0 = Release|Any CPU
		{C404ADFA-5E6D-481C-AE21-46522F871267}.Debug|Any CPU.ActiveCfg = Debug|Any CPU
		{C404ADFA-5E6D-481C-AE21-46522F871267}.Debug|Any CPU.Build.0 = Debug|Any CPU
		{C404ADFA-5E6D-481C-AE21-46522F871267}.Release|Any CPU.ActiveCfg = Release|Any CPU
		{C404ADFA-5E6D-481C-AE21-46522F871267}.Release|Any CPU.Build.0 = Release|Any CPU
		{4BAA9B6B-74EA-49B0-901B-E7D05A105479}.Debug|Any CPU.ActiveCfg = Debug|Any CPU
		{4BAA9B6B-74EA-49B0-901B-E7D05A105479}.Debug|Any CPU.Build.0 = Debug|Any CPU
		{4BAA9B6B-74EA-49B0-901B-E7D05A105479}.Release|Any CPU.ActiveCfg = Release|Any CPU
		{4BAA9B6B-74EA-49B0-901B-E7D05A105479}.Release|Any CPU.Build.0 = Release|Any CPU
		{73CE7EAB-FEA5-4881-A34C-7EC8BD58EF66}.Debug|Any CPU.ActiveCfg = Debug|Any CPU
		{73CE7EAB-FEA5-4881-A34C-7EC8BD58EF66}.Debug|Any CPU.Build.0 = Debug|Any CPU
		{73CE7EAB-FEA5-4881-A34C-7EC8BD58EF66}.Release|Any CPU.ActiveCfg = Release|Any CPU
		{73CE7EAB-FEA5-4881-A34C-7EC8BD58EF66}.Release|Any CPU.Build.0 = Release|Any CPU
		{0B73D2BD-BBC0-4D42-90AB-9AD1E2CD495A}.Debug|Any CPU.ActiveCfg = Debug|Any CPU
		{0B73D2BD-BBC0-4D42-90AB-9AD1E2CD495A}.Debug|Any CPU.Build.0 = Debug|Any CPU
		{0B73D2BD-BBC0-4D42-90AB-9AD1E2CD495A}.Release|Any CPU.ActiveCfg = Release|Any CPU
		{0B73D2BD-BBC0-4D42-90AB-9AD1E2CD495A}.Release|Any CPU.Build.0 = Release|Any CPU
		{AF403BA2-EBB8-438A-A541-E8668A8F160A}.Debug|Any CPU.ActiveCfg = Debug|Any CPU
		{AF403BA2-EBB8-438A-A541-E8668A8F160A}.Debug|Any CPU.Build.0 = Debug|Any CPU
		{AF403BA2-EBB8-438A-A541-E8668A8F160A}.Release|Any CPU.ActiveCfg = Release|Any CPU
		{AF403BA2-EBB8-438A-A541-E8668A8F160A}.Release|Any CPU.Build.0 = Release|Any CPU
		{3898E635-272C-4DBC-94F7-D3FACBFE82CD}.Debug|Any CPU.ActiveCfg = Debug|Any CPU
		{3898E635-272C-4DBC-94F7-D3FACBFE82CD}.Debug|Any CPU.Build.0 = Debug|Any CPU
		{3898E635-272C-4DBC-94F7-D3FACBFE82CD}.Release|Any CPU.ActiveCfg = Release|Any CPU
		{3898E635-272C-4DBC-94F7-D3FACBFE82CD}.Release|Any CPU.Build.0 = Release|Any CPU
		{BCE98205-E757-4EB0-8291-A5CFA26EFB68}.Debug|Any CPU.ActiveCfg = Debug|Any CPU
		{BCE98205-E757-4EB0-8291-A5CFA26EFB68}.Debug|Any CPU.Build.0 = Debug|Any CPU
		{BCE98205-E757-4EB0-8291-A5CFA26EFB68}.Release|Any CPU.ActiveCfg = Release|Any CPU
		{BCE98205-E757-4EB0-8291-A5CFA26EFB68}.Release|Any CPU.Build.0 = Release|Any CPU
		{480D6601-3909-43DD-9FBC-54AFC7458F89}.Debug|Any CPU.ActiveCfg = Debug|Any CPU
		{480D6601-3909-43DD-9FBC-54AFC7458F89}.Debug|Any CPU.Build.0 = Debug|Any CPU
		{480D6601-3909-43DD-9FBC-54AFC7458F89}.Release|Any CPU.ActiveCfg = Release|Any CPU
		{480D6601-3909-43DD-9FBC-54AFC7458F89}.Release|Any CPU.Build.0 = Release|Any CPU
		{7056B96F-795C-4FE1-B659-4F44AA6B66ED}.Debug|Any CPU.ActiveCfg = Debug|Any CPU
		{7056B96F-795C-4FE1-B659-4F44AA6B66ED}.Debug|Any CPU.Build.0 = Debug|Any CPU
		{7056B96F-795C-4FE1-B659-4F44AA6B66ED}.Release|Any CPU.ActiveCfg = Release|Any CPU
		{7056B96F-795C-4FE1-B659-4F44AA6B66ED}.Release|Any CPU.Build.0 = Release|Any CPU
		{605FE962-2263-4D84-93DE-F71FFE82BC35}.Debug|Any CPU.ActiveCfg = Debug|Any CPU
		{605FE962-2263-4D84-93DE-F71FFE82BC35}.Debug|Any CPU.Build.0 = Debug|Any CPU
		{605FE962-2263-4D84-93DE-F71FFE82BC35}.Release|Any CPU.ActiveCfg = Release|Any CPU
		{605FE962-2263-4D84-93DE-F71FFE82BC35}.Release|Any CPU.Build.0 = Release|Any CPU
		{262F68F4-4615-45A3-9B2D-6EBFD6B18B5E}.Debug|Any CPU.ActiveCfg = Debug|Any CPU
		{262F68F4-4615-45A3-9B2D-6EBFD6B18B5E}.Debug|Any CPU.Build.0 = Debug|Any CPU
		{262F68F4-4615-45A3-9B2D-6EBFD6B18B5E}.Release|Any CPU.ActiveCfg = Release|Any CPU
		{262F68F4-4615-45A3-9B2D-6EBFD6B18B5E}.Release|Any CPU.Build.0 = Release|Any CPU
		{12ABD891-EF7E-4B72-970D-4EE872E2B856}.Debug|Any CPU.ActiveCfg = Debug|Any CPU
		{12ABD891-EF7E-4B72-970D-4EE872E2B856}.Debug|Any CPU.Build.0 = Debug|Any CPU
		{12ABD891-EF7E-4B72-970D-4EE872E2B856}.Release|Any CPU.ActiveCfg = Release|Any CPU
		{12ABD891-EF7E-4B72-970D-4EE872E2B856}.Release|Any CPU.Build.0 = Release|Any CPU
	EndGlobalSection
	GlobalSection(SolutionProperties) = preSolution
		HideSolutionNode = FALSE
	EndGlobalSection
	GlobalSection(ExtensibilityGlobals) = postSolution
		SolutionGuid = {EBF9D616-11F2-4E8D-B3B1-59B6EBFB905B}
	EndGlobalSection
EndGlobal
