
Microsoft Visual Studio Solution File, Format Version 12.00
# Visual Studio Version 16
VisualStudioVersion = 16.0.30804.86
MinimumVisualStudioVersion = 10.0.40219.1
Project("{9A19103F-16F7-4668-BE54-9A1E7A4F7556}") = "DayOfWeek", "DayOfWeek\DayOfWeek.csproj", "{9267C0F0-5C92-4E38-954E-D905D0F8B8D7}"
EndProject
Project("{9A19103F-16F7-4668-BE54-9A1E7A4F7556}") = "WeekendOrWorkingDay", "WeekendOrWorkingDay\WeekendOrWorkingDay.csproj", "{69A6501A-E780-42DB-BD0A-911374704E55}"
EndProject
Project("{9A19103F-16F7-4668-BE54-9A1E7A4F7556}") = "AnimalType", "AnimalType\AnimalType.csproj", "{5D3D7C46-E5D5-4DC0-848E-F2762BC3A686}"
EndProject
Project("{9A19103F-16F7-4668-BE54-9A1E7A4F7556}") = "PersonalTitles", "PersonalTitles\PersonalTitles.csproj", "{2D1AF8CD-D4F7-4F51-83ED-CFBFA1AEE1F7}"
EndProject
Project("{FAE04EC0-301F-11D3-BF4B-00C04F79EFBC}") = "SmallShop", "SmallShop\SmallShop.csproj", "{161533B7-E9CE-4142-82FF-DFE639189290}"
EndProject
Project("{FAE04EC0-301F-11D3-BF4B-00C04F79EFBC}") = "NumberInRange", "NumberInRange\NumberInRange.csproj", "{7CE03B8C-DD6D-4AEE-A547-ED16C33BCC9E}"
EndProject
Project("{FAE04EC0-301F-11D3-BF4B-00C04F79EFBC}") = "WorkingHours", "WorkingHours\WorkingHours.csproj", "{94D22170-D655-4A54-ABBD-EFC74641EE2E}"
EndProject
Project("{FAE04EC0-301F-11D3-BF4B-00C04F79EFBC}") = "CinemaTicket", "CinemaTicket\CinemaTicket.csproj", "{90E3D8A8-4472-4DDC-A21A-476A41496DDA}"
EndProject
Project("{FAE04EC0-301F-11D3-BF4B-00C04F79EFBC}") = "FruitOrVegetable", "FruitOrVegetable\FruitOrVegetable.csproj", "{FF425C72-99F3-4476-BBF7-CE28318DFB74}"
EndProject
Project("{FAE04EC0-301F-11D3-BF4B-00C04F79EFBC}") = "InvalidNumber", "InvalidNumber\InvalidNumber.csproj", "{664E7968-F415-4F2F-8C91-51EEBFD13A85}"
EndProject
Project("{FAE04EC0-301F-11D3-BF4B-00C04F79EFBC}") = "FruitShop", "FruitShop\FruitShop.csproj", "{4F3E9A8D-0A25-4F64-AD0B-9BE55DFFB3C7}"
EndProject
Project("{FAE04EC0-301F-11D3-BF4B-00C04F79EFBC}") = "TradeCommissions", "TradeCommissions\TradeCommissions.csproj", "{C481251E-2394-440B-85ED-4EA651AB9FE3}"
EndProject
Project("{FAE04EC0-301F-11D3-BF4B-00C04F79EFBC}") = "SkiTrip", "SkiTrip\SkiTrip.csproj", "{7313B8B4-0B20-4E90-80B9-FDA5A631B206}"
EndProject
Project("{FAE04EC0-301F-11D3-BF4B-00C04F79EFBC}") = "Cinema", "Cinema\Cinema.csproj", "{5F7E0EA0-914A-45A0-9FED-E5E11CB8E4C6}"
EndProject
Project("{FAE04EC0-301F-11D3-BF4B-00C04F79EFBC}") = "SummerOutfit", "SummerOutfit\SummerOutfit.csproj", "{A677CFD2-6597-4D77-B4F0-37729847E74B}"
EndProject
Project("{FAE04EC0-301F-11D3-BF4B-00C04F79EFBC}") = "NewHouse", "NewHouse\NewHouse.csproj", "{EE2F6B3D-A560-403A-9787-F6A40A1C06C3}"
EndProject
Project("{FAE04EC0-301F-11D3-BF4B-00C04F79EFBC}") = "FishingBoat", "FishingBoat\FishingBoat.csproj", "{B4491E1C-DD16-43EA-99A1-1973F993EB74}"
EndProject
Project("{FAE04EC0-301F-11D3-BF4B-00C04F79EFBC}") = "Journey", "Journey\Journey.csproj", "{EEE6DEE1-39D8-4CFE-9ADA-4A23BC79CA44}"
EndProject
Project("{FAE04EC0-301F-11D3-BF4B-00C04F79EFBC}") = "OperationsBetweenNumbers", "OperationsBetweenNumbers\OperationsBetweenNumbers.csproj", "{D9A86DF8-7115-499A-8062-36F3A316669F}"
EndProject
Project("{FAE04EC0-301F-11D3-BF4B-00C04F79EFBC}") = "HotelRoom", "HotelRoom\HotelRoom.csproj", "{ABCFF513-2B3B-4336-AA8D-5AF62008997D}"
EndProject
Project("{FAE04EC0-301F-11D3-BF4B-00C04F79EFBC}") = "OnTimeForTheExam", "OnTimeForTheExam\OnTimeForTheExam.csproj", "{BEBF1292-BA12-4589-AF8A-7FDC6F608E72}"
EndProject
Project("{FAE04EC0-301F-11D3-BF4B-00C04F79EFBC}") = "Volleyball", "Volleyball\Volleyball.csproj", "{FAEE5014-11AB-4F3F-B7D3-593A5E5B91AF}"
EndProject
Global
	GlobalSection(SolutionConfigurationPlatforms) = preSolution
		Debug|Any CPU = Debug|Any CPU
		Release|Any CPU = Release|Any CPU
	EndGlobalSection
	GlobalSection(ProjectConfigurationPlatforms) = postSolution
		{9267C0F0-5C92-4E38-954E-D905D0F8B8D7}.Debug|Any CPU.ActiveCfg = Debug|Any CPU
		{9267C0F0-5C92-4E38-954E-D905D0F8B8D7}.Debug|Any CPU.Build.0 = Debug|Any CPU
		{9267C0F0-5C92-4E38-954E-D905D0F8B8D7}.Release|Any CPU.ActiveCfg = Release|Any CPU
		{9267C0F0-5C92-4E38-954E-D905D0F8B8D7}.Release|Any CPU.Build.0 = Release|Any CPU
		{69A6501A-E780-42DB-BD0A-911374704E55}.Debug|Any CPU.ActiveCfg = Debug|Any CPU
		{69A6501A-E780-42DB-BD0A-911374704E55}.Debug|Any CPU.Build.0 = Debug|Any CPU
		{69A6501A-E780-42DB-BD0A-911374704E55}.Release|Any CPU.ActiveCfg = Release|Any CPU
		{69A6501A-E780-42DB-BD0A-911374704E55}.Release|Any CPU.Build.0 = Release|Any CPU
		{5D3D7C46-E5D5-4DC0-848E-F2762BC3A686}.Debug|Any CPU.ActiveCfg = Debug|Any CPU
		{5D3D7C46-E5D5-4DC0-848E-F2762BC3A686}.Debug|Any CPU.Build.0 = Debug|Any CPU
		{5D3D7C46-E5D5-4DC0-848E-F2762BC3A686}.Release|Any CPU.ActiveCfg = Release|Any CPU
		{5D3D7C46-E5D5-4DC0-848E-F2762BC3A686}.Release|Any CPU.Build.0 = Release|Any CPU
		{2D1AF8CD-D4F7-4F51-83ED-CFBFA1AEE1F7}.Debug|Any CPU.ActiveCfg = Debug|Any CPU
		{2D1AF8CD-D4F7-4F51-83ED-CFBFA1AEE1F7}.Debug|Any CPU.Build.0 = Debug|Any CPU
		{2D1AF8CD-D4F7-4F51-83ED-CFBFA1AEE1F7}.Release|Any CPU.ActiveCfg = Release|Any CPU
		{2D1AF8CD-D4F7-4F51-83ED-CFBFA1AEE1F7}.Release|Any CPU.Build.0 = Release|Any CPU
		{161533B7-E9CE-4142-82FF-DFE639189290}.Debug|Any CPU.ActiveCfg = Debug|Any CPU
		{161533B7-E9CE-4142-82FF-DFE639189290}.Debug|Any CPU.Build.0 = Debug|Any CPU
		{161533B7-E9CE-4142-82FF-DFE639189290}.Release|Any CPU.ActiveCfg = Release|Any CPU
		{161533B7-E9CE-4142-82FF-DFE639189290}.Release|Any CPU.Build.0 = Release|Any CPU
		{7CE03B8C-DD6D-4AEE-A547-ED16C33BCC9E}.Debug|Any CPU.ActiveCfg = Debug|Any CPU
		{7CE03B8C-DD6D-4AEE-A547-ED16C33BCC9E}.Debug|Any CPU.Build.0 = Debug|Any CPU
		{7CE03B8C-DD6D-4AEE-A547-ED16C33BCC9E}.Release|Any CPU.ActiveCfg = Release|Any CPU
		{7CE03B8C-DD6D-4AEE-A547-ED16C33BCC9E}.Release|Any CPU.Build.0 = Release|Any CPU
		{94D22170-D655-4A54-ABBD-EFC74641EE2E}.Debug|Any CPU.ActiveCfg = Debug|Any CPU
		{94D22170-D655-4A54-ABBD-EFC74641EE2E}.Debug|Any CPU.Build.0 = Debug|Any CPU
		{94D22170-D655-4A54-ABBD-EFC74641EE2E}.Release|Any CPU.ActiveCfg = Release|Any CPU
		{94D22170-D655-4A54-ABBD-EFC74641EE2E}.Release|Any CPU.Build.0 = Release|Any CPU
		{90E3D8A8-4472-4DDC-A21A-476A41496DDA}.Debug|Any CPU.ActiveCfg = Debug|Any CPU
		{90E3D8A8-4472-4DDC-A21A-476A41496DDA}.Debug|Any CPU.Build.0 = Debug|Any CPU
		{90E3D8A8-4472-4DDC-A21A-476A41496DDA}.Release|Any CPU.ActiveCfg = Release|Any CPU
		{90E3D8A8-4472-4DDC-A21A-476A41496DDA}.Release|Any CPU.Build.0 = Release|Any CPU
		{FF425C72-99F3-4476-BBF7-CE28318DFB74}.Debug|Any CPU.ActiveCfg = Debug|Any CPU
		{FF425C72-99F3-4476-BBF7-CE28318DFB74}.Debug|Any CPU.Build.0 = Debug|Any CPU
		{FF425C72-99F3-4476-BBF7-CE28318DFB74}.Release|Any CPU.ActiveCfg = Release|Any CPU
		{FF425C72-99F3-4476-BBF7-CE28318DFB74}.Release|Any CPU.Build.0 = Release|Any CPU
		{664E7968-F415-4F2F-8C91-51EEBFD13A85}.Debug|Any CPU.ActiveCfg = Debug|Any CPU
		{664E7968-F415-4F2F-8C91-51EEBFD13A85}.Debug|Any CPU.Build.0 = Debug|Any CPU
		{664E7968-F415-4F2F-8C91-51EEBFD13A85}.Release|Any CPU.ActiveCfg = Release|Any CPU
		{664E7968-F415-4F2F-8C91-51EEBFD13A85}.Release|Any CPU.Build.0 = Release|Any CPU
		{4F3E9A8D-0A25-4F64-AD0B-9BE55DFFB3C7}.Debug|Any CPU.ActiveCfg = Debug|Any CPU
		{4F3E9A8D-0A25-4F64-AD0B-9BE55DFFB3C7}.Debug|Any CPU.Build.0 = Debug|Any CPU
		{4F3E9A8D-0A25-4F64-AD0B-9BE55DFFB3C7}.Release|Any CPU.ActiveCfg = Release|Any CPU
		{4F3E9A8D-0A25-4F64-AD0B-9BE55DFFB3C7}.Release|Any CPU.Build.0 = Release|Any CPU
		{C481251E-2394-440B-85ED-4EA651AB9FE3}.Debug|Any CPU.ActiveCfg = Debug|Any CPU
		{C481251E-2394-440B-85ED-4EA651AB9FE3}.Debug|Any CPU.Build.0 = Debug|Any CPU
		{C481251E-2394-440B-85ED-4EA651AB9FE3}.Release|Any CPU.ActiveCfg = Release|Any CPU
		{C481251E-2394-440B-85ED-4EA651AB9FE3}.Release|Any CPU.Build.0 = Release|Any CPU
		{7313B8B4-0B20-4E90-80B9-FDA5A631B206}.Debug|Any CPU.ActiveCfg = Debug|Any CPU
		{7313B8B4-0B20-4E90-80B9-FDA5A631B206}.Debug|Any CPU.Build.0 = Debug|Any CPU
		{7313B8B4-0B20-4E90-80B9-FDA5A631B206}.Release|Any CPU.ActiveCfg = Release|Any CPU
		{7313B8B4-0B20-4E90-80B9-FDA5A631B206}.Release|Any CPU.Build.0 = Release|Any CPU
		{5F7E0EA0-914A-45A0-9FED-E5E11CB8E4C6}.Debug|Any CPU.ActiveCfg = Debug|Any CPU
		{5F7E0EA0-914A-45A0-9FED-E5E11CB8E4C6}.Debug|Any CPU.Build.0 = Debug|Any CPU
		{5F7E0EA0-914A-45A0-9FED-E5E11CB8E4C6}.Release|Any CPU.ActiveCfg = Release|Any CPU
		{5F7E0EA0-914A-45A0-9FED-E5E11CB8E4C6}.Release|Any CPU.Build.0 = Release|Any CPU
		{A677CFD2-6597-4D77-B4F0-37729847E74B}.Debug|Any CPU.ActiveCfg = Debug|Any CPU
		{A677CFD2-6597-4D77-B4F0-37729847E74B}.Debug|Any CPU.Build.0 = Debug|Any CPU
		{A677CFD2-6597-4D77-B4F0-37729847E74B}.Release|Any CPU.ActiveCfg = Release|Any CPU
		{A677CFD2-6597-4D77-B4F0-37729847E74B}.Release|Any CPU.Build.0 = Release|Any CPU
		{EE2F6B3D-A560-403A-9787-F6A40A1C06C3}.Debug|Any CPU.ActiveCfg = Debug|Any CPU
		{EE2F6B3D-A560-403A-9787-F6A40A1C06C3}.Debug|Any CPU.Build.0 = Debug|Any CPU
		{EE2F6B3D-A560-403A-9787-F6A40A1C06C3}.Release|Any CPU.ActiveCfg = Release|Any CPU
		{EE2F6B3D-A560-403A-9787-F6A40A1C06C3}.Release|Any CPU.Build.0 = Release|Any CPU
		{B4491E1C-DD16-43EA-99A1-1973F993EB74}.Debug|Any CPU.ActiveCfg = Debug|Any CPU
		{B4491E1C-DD16-43EA-99A1-1973F993EB74}.Debug|Any CPU.Build.0 = Debug|Any CPU
		{B4491E1C-DD16-43EA-99A1-1973F993EB74}.Release|Any CPU.ActiveCfg = Release|Any CPU
		{B4491E1C-DD16-43EA-99A1-1973F993EB74}.Release|Any CPU.Build.0 = Release|Any CPU
		{EEE6DEE1-39D8-4CFE-9ADA-4A23BC79CA44}.Debug|Any CPU.ActiveCfg = Debug|Any CPU
		{EEE6DEE1-39D8-4CFE-9ADA-4A23BC79CA44}.Debug|Any CPU.Build.0 = Debug|Any CPU
		{EEE6DEE1-39D8-4CFE-9ADA-4A23BC79CA44}.Release|Any CPU.ActiveCfg = Release|Any CPU
		{EEE6DEE1-39D8-4CFE-9ADA-4A23BC79CA44}.Release|Any CPU.Build.0 = Release|Any CPU
		{D9A86DF8-7115-499A-8062-36F3A316669F}.Debug|Any CPU.ActiveCfg = Debug|Any CPU
		{D9A86DF8-7115-499A-8062-36F3A316669F}.Debug|Any CPU.Build.0 = Debug|Any CPU
		{D9A86DF8-7115-499A-8062-36F3A316669F}.Release|Any CPU.ActiveCfg = Release|Any CPU
		{D9A86DF8-7115-499A-8062-36F3A316669F}.Release|Any CPU.Build.0 = Release|Any CPU
		{ABCFF513-2B3B-4336-AA8D-5AF62008997D}.Debug|Any CPU.ActiveCfg = Debug|Any CPU
		{ABCFF513-2B3B-4336-AA8D-5AF62008997D}.Debug|Any CPU.Build.0 = Debug|Any CPU
		{ABCFF513-2B3B-4336-AA8D-5AF62008997D}.Release|Any CPU.ActiveCfg = Release|Any CPU
		{ABCFF513-2B3B-4336-AA8D-5AF62008997D}.Release|Any CPU.Build.0 = Release|Any CPU
		{BEBF1292-BA12-4589-AF8A-7FDC6F608E72}.Debug|Any CPU.ActiveCfg = Debug|Any CPU
		{BEBF1292-BA12-4589-AF8A-7FDC6F608E72}.Debug|Any CPU.Build.0 = Debug|Any CPU
		{BEBF1292-BA12-4589-AF8A-7FDC6F608E72}.Release|Any CPU.ActiveCfg = Release|Any CPU
		{BEBF1292-BA12-4589-AF8A-7FDC6F608E72}.Release|Any CPU.Build.0 = Release|Any CPU
		{FAEE5014-11AB-4F3F-B7D3-593A5E5B91AF}.Debug|Any CPU.ActiveCfg = Debug|Any CPU
		{FAEE5014-11AB-4F3F-B7D3-593A5E5B91AF}.Debug|Any CPU.Build.0 = Debug|Any CPU
		{FAEE5014-11AB-4F3F-B7D3-593A5E5B91AF}.Release|Any CPU.ActiveCfg = Release|Any CPU
		{FAEE5014-11AB-4F3F-B7D3-593A5E5B91AF}.Release|Any CPU.Build.0 = Release|Any CPU
	EndGlobalSection
	GlobalSection(SolutionProperties) = preSolution
		HideSolutionNode = FALSE
	EndGlobalSection
	GlobalSection(ExtensibilityGlobals) = postSolution
		SolutionGuid = {586BCFE8-7061-42CE-9B4E-EACAEF051578}
	EndGlobalSection
EndGlobal
