
Microsoft Visual Studio Solution File, Format Version 12.00
# Visual Studio Version 16
VisualStudioVersion = 16.0.30804.86
MinimumVisualStudioVersion = 10.0.40219.1
Project("{9A19103F-16F7-4668-BE54-9A1E7A4F7556}") = "NumberPyramid", "NumberPyramid\NumberPyramid.csproj", "{8E737C01-CABD-47E2-845F-7195E3FA8432}"
EndProject
Project("{9A19103F-16F7-4668-BE54-9A1E7A4F7556}") = "EqualSumsEvenOddPosition", "EqualSumsEvenOddPosition\EqualSumsEvenOddPosition.csproj", "{EB366EAF-4253-4362-883B-BEE690E47700}"
EndProject
Project("{9A19103F-16F7-4668-BE54-9A1E7A4F7556}") = "SumPrimeNonPrime", "SumPrimeNonPrime\SumPrimeNonPrime.csproj", "{2E197F4B-CC3D-4C50-A0AF-1E032B6C7C1C}"
EndProject
Project("{FAE04EC0-301F-11D3-BF4B-00C04F79EFBC}") = "Clock", "Clock\Clock.csproj", "{66A79638-5DB9-48AB-82E1-7941A21E1AE8}"
EndProject
Project("{FAE04EC0-301F-11D3-BF4B-00C04F79EFBC}") = "MultiplicationTable", "MultiplicationTable\MultiplicationTable.csproj", "{E516760F-C4F7-4477-AE94-3D0710EE3489}"
EndProject
Project("{FAE04EC0-301F-11D3-BF4B-00C04F79EFBC}") = "Combinations", "Combinations\Combinations.csproj", "{59313B30-AD38-4115-B215-93705181BAF3}"
EndProject
Project("{FAE04EC0-301F-11D3-BF4B-00C04F79EFBC}") = "SumOfTwoNumbers", "SumOfTwoNumbers\SumOfTwoNumbers.csproj", "{7548E1A6-F514-4F82-89C4-BD06ECDDA8EB}"
EndProject
Project("{FAE04EC0-301F-11D3-BF4B-00C04F79EFBC}") = "Travelling", "Travelling\Travelling.csproj", "{5D76A26A-AE0D-4C43-9A8B-363D80FED558}"
EndProject
Project("{FAE04EC0-301F-11D3-BF4B-00C04F79EFBC}") = "Building", "Building\Building.csproj", "{1E0697F1-1608-4DF1-886C-C2C9834C8E37}"
EndProject
Project("{FAE04EC0-301F-11D3-BF4B-00C04F79EFBC}") = "CinemaTickets", "CinemaTickets\CinemaTickets.csproj", "{AB7B019A-A69F-4083-8D5B-7C9B70FE0187}"
EndProject
Project("{FAE04EC0-301F-11D3-BF4B-00C04F79EFBC}") = "TrainTheTrainers", "TrainTheTrainers\TrainTheTrainers.csproj", "{AD906842-14B6-4FFB-900F-2A1480828B83}"
EndProject
Project("{FAE04EC0-301F-11D3-BF4B-00C04F79EFBC}") = "PasswordGenerator", "PasswordGenerator\PasswordGenerator.csproj", "{60FCC6A4-91AE-4C9F-A993-5BB67A99D086}"
EndProject
Project("{FAE04EC0-301F-11D3-BF4B-00C04F79EFBC}") = "SpecialNumbers", "SpecialNumbers\SpecialNumbers.csproj", "{060A2A99-D59E-432F-9940-201D071678AC}"
EndProject
Global
	GlobalSection(SolutionConfigurationPlatforms) = preSolution
		Debug|Any CPU = Debug|Any CPU
		Release|Any CPU = Release|Any CPU
	EndGlobalSection
	GlobalSection(ProjectConfigurationPlatforms) = postSolution
		{8E737C01-CABD-47E2-845F-7195E3FA8432}.Debug|Any CPU.ActiveCfg = Debug|Any CPU
		{8E737C01-CABD-47E2-845F-7195E3FA8432}.Debug|Any CPU.Build.0 = Debug|Any CPU
		{8E737C01-CABD-47E2-845F-7195E3FA8432}.Release|Any CPU.ActiveCfg = Release|Any CPU
		{8E737C01-CABD-47E2-845F-7195E3FA8432}.Release|Any CPU.Build.0 = Release|Any CPU
		{EB366EAF-4253-4362-883B-BEE690E47700}.Debug|Any CPU.ActiveCfg = Debug|Any CPU
		{EB366EAF-4253-4362-883B-BEE690E47700}.Debug|Any CPU.Build.0 = Debug|Any CPU
		{EB366EAF-4253-4362-883B-BEE690E47700}.Release|Any CPU.ActiveCfg = Release|Any CPU
		{EB366EAF-4253-4362-883B-BEE690E47700}.Release|Any CPU.Build.0 = Release|Any CPU
		{2E197F4B-CC3D-4C50-A0AF-1E032B6C7C1C}.Debug|Any CPU.ActiveCfg = Debug|Any CPU
		{2E197F4B-CC3D-4C50-A0AF-1E032B6C7C1C}.Debug|Any CPU.Build.0 = Debug|Any CPU
		{2E197F4B-CC3D-4C50-A0AF-1E032B6C7C1C}.Release|Any CPU.ActiveCfg = Release|Any CPU
		{2E197F4B-CC3D-4C50-A0AF-1E032B6C7C1C}.Release|Any CPU.Build.0 = Release|Any CPU
		{66A79638-5DB9-48AB-82E1-7941A21E1AE8}.Debug|Any CPU.ActiveCfg = Debug|Any CPU
		{66A79638-5DB9-48AB-82E1-7941A21E1AE8}.Debug|Any CPU.Build.0 = Debug|Any CPU
		{66A79638-5DB9-48AB-82E1-7941A21E1AE8}.Release|Any CPU.ActiveCfg = Release|Any CPU
		{66A79638-5DB9-48AB-82E1-7941A21E1AE8}.Release|Any CPU.Build.0 = Release|Any CPU
		{E516760F-C4F7-4477-AE94-3D0710EE3489}.Debug|Any CPU.ActiveCfg = Debug|Any CPU
		{E516760F-C4F7-4477-AE94-3D0710EE3489}.Debug|Any CPU.Build.0 = Debug|Any CPU
		{E516760F-C4F7-4477-AE94-3D0710EE3489}.Release|Any CPU.ActiveCfg = Release|Any CPU
		{E516760F-C4F7-4477-AE94-3D0710EE3489}.Release|Any CPU.Build.0 = Release|Any CPU
		{59313B30-AD38-4115-B215-93705181BAF3}.Debug|Any CPU.ActiveCfg = Debug|Any CPU
		{59313B30-AD38-4115-B215-93705181BAF3}.Debug|Any CPU.Build.0 = Debug|Any CPU
		{59313B30-AD38-4115-B215-93705181BAF3}.Release|Any CPU.ActiveCfg = Release|Any CPU
		{59313B30-AD38-4115-B215-93705181BAF3}.Release|Any CPU.Build.0 = Release|Any CPU
		{7548E1A6-F514-4F82-89C4-BD06ECDDA8EB}.Debug|Any CPU.ActiveCfg = Debug|Any CPU
		{7548E1A6-F514-4F82-89C4-BD06ECDDA8EB}.Debug|Any CPU.Build.0 = Debug|Any CPU
		{7548E1A6-F514-4F82-89C4-BD06ECDDA8EB}.Release|Any CPU.ActiveCfg = Release|Any CPU
		{7548E1A6-F514-4F82-89C4-BD06ECDDA8EB}.Release|Any CPU.Build.0 = Release|Any CPU
		{5D76A26A-AE0D-4C43-9A8B-363D80FED558}.Debug|Any CPU.ActiveCfg = Debug|Any CPU
		{5D76A26A-AE0D-4C43-9A8B-363D80FED558}.Debug|Any CPU.Build.0 = Debug|Any CPU
		{5D76A26A-AE0D-4C43-9A8B-363D80FED558}.Release|Any CPU.ActiveCfg = Release|Any CPU
		{5D76A26A-AE0D-4C43-9A8B-363D80FED558}.Release|Any CPU.Build.0 = Release|Any CPU
		{1E0697F1-1608-4DF1-886C-C2C9834C8E37}.Debug|Any CPU.ActiveCfg = Debug|Any CPU
		{1E0697F1-1608-4DF1-886C-C2C9834C8E37}.Debug|Any CPU.Build.0 = Debug|Any CPU
		{1E0697F1-1608-4DF1-886C-C2C9834C8E37}.Release|Any CPU.ActiveCfg = Release|Any CPU
		{1E0697F1-1608-4DF1-886C-C2C9834C8E37}.Release|Any CPU.Build.0 = Release|Any CPU
		{AB7B019A-A69F-4083-8D5B-7C9B70FE0187}.Debug|Any CPU.ActiveCfg = Debug|Any CPU
		{AB7B019A-A69F-4083-8D5B-7C9B70FE0187}.Debug|Any CPU.Build.0 = Debug|Any CPU
		{AB7B019A-A69F-4083-8D5B-7C9B70FE0187}.Release|Any CPU.ActiveCfg = Release|Any CPU
		{AB7B019A-A69F-4083-8D5B-7C9B70FE0187}.Release|Any CPU.Build.0 = Release|Any CPU
		{AD906842-14B6-4FFB-900F-2A1480828B83}.Debug|Any CPU.ActiveCfg = Debug|Any CPU
		{AD906842-14B6-4FFB-900F-2A1480828B83}.Debug|Any CPU.Build.0 = Debug|Any CPU
		{AD906842-14B6-4FFB-900F-2A1480828B83}.Release|Any CPU.ActiveCfg = Release|Any CPU
		{AD906842-14B6-4FFB-900F-2A1480828B83}.Release|Any CPU.Build.0 = Release|Any CPU
		{60FCC6A4-91AE-4C9F-A993-5BB67A99D086}.Debug|Any CPU.ActiveCfg = Debug|Any CPU
		{60FCC6A4-91AE-4C9F-A993-5BB67A99D086}.Debug|Any CPU.Build.0 = Debug|Any CPU
		{60FCC6A4-91AE-4C9F-A993-5BB67A99D086}.Release|Any CPU.ActiveCfg = Release|Any CPU
		{60FCC6A4-91AE-4C9F-A993-5BB67A99D086}.Release|Any CPU.Build.0 = Release|Any CPU
		{060A2A99-D59E-432F-9940-201D071678AC}.Debug|Any CPU.ActiveCfg = Debug|Any CPU
		{060A2A99-D59E-432F-9940-201D071678AC}.Debug|Any CPU.Build.0 = Debug|Any CPU
		{060A2A99-D59E-432F-9940-201D071678AC}.Release|Any CPU.ActiveCfg = Release|Any CPU
		{060A2A99-D59E-432F-9940-201D071678AC}.Release|Any CPU.Build.0 = Release|Any CPU
	EndGlobalSection
	GlobalSection(SolutionProperties) = preSolution
		HideSolutionNode = FALSE
	EndGlobalSection
	GlobalSection(ExtensibilityGlobals) = postSolution
		SolutionGuid = {27115E84-58BC-41B1-AB3A-7F563492EAF2}
	EndGlobalSection
EndGlobal
