
Microsoft Visual Studio Solution File, Format Version 12.00
# Visual Studio Version 16
VisualStudioVersion = 16.0.30804.86
MinimumVisualStudioVersion = 10.0.40219.1
Project("{FAE04EC0-301F-11D3-BF4B-00C04F79EFBC}") = "Excellent Result", "Excellent Result\Excellent Result.csproj", "{F64AB57E-15BC-4E98-B483-52D79874672A}"
EndProject
Project("{9A19103F-16F7-4668-BE54-9A1E7A4F7556}") = "Greater Number", "Greater Number\Greater Number.csproj", "{CCE53537-D41C-432B-87F6-EC4E060A8159}"
EndProject
Project("{9A19103F-16F7-4668-BE54-9A1E7A4F7556}") = "Even or Odd", "Even or Odd\Even or Odd.csproj", "{4DF40276-47CE-4588-92CD-A59001F094CC}"
EndProject
Project("{9A19103F-16F7-4668-BE54-9A1E7A4F7556}") = "Number 100-200", "Number 100-200\Number 100-200.csproj", "{B1DBB369-0C82-4C16-BEC2-E04B2ADBAA11}"
EndProject
Project("{9A19103F-16F7-4668-BE54-9A1E7A4F7556}") = "PasswordGuess", "PasswordGuess\PasswordGuess.csproj", "{92D2948D-5CDC-4D32-8CAB-7B9A2C8637EB}"
EndProject
Project("{9A19103F-16F7-4668-BE54-9A1E7A4F7556}") = "AreaOfFigures", "AreaOfFigures\AreaOfFigures.csproj", "{6380A726-E6E7-4FE6-87A5-D01B3414DAAA}"
EndProject
Project("{9A19103F-16F7-4668-BE54-9A1E7A4F7556}") = "ToyShop", "ToyShop\ToyShop.csproj", "{7E256E11-B9CA-4392-B55E-92C8F52707D9}"
EndProject
Project("{9A19103F-16F7-4668-BE54-9A1E7A4F7556}") = "SumSeconds", "SumSeconds\SumSeconds.csproj", "{A3432CA0-39F4-4953-B7FA-5FE75B614F07}"
EndProject
Project("{9A19103F-16F7-4668-BE54-9A1E7A4F7556}") = "BonusScore", "BonusScore\BonusScore.csproj", "{0948F91E-2372-4A27-A42B-77890DD808A7}"
EndProject
Project("{9A19103F-16F7-4668-BE54-9A1E7A4F7556}") = "SpeedInfo", "SpeedInfo\SpeedInfo.csproj", "{BB784AAA-5015-4B4C-8F21-6B7C3C176F78}"
EndProject
Project("{9A19103F-16F7-4668-BE54-9A1E7A4F7556}") = "Time+15Minutes", "Time+15Minutes\Time+15Minutes.csproj", "{6BBBEC8D-6C08-41F0-909B-FA076B5D5CBD}"
EndProject
Project("{9A19103F-16F7-4668-BE54-9A1E7A4F7556}") = "MetricConverter", "MetricConverter\MetricConverter.csproj", "{A28AA0DF-F784-4548-BA31-ADE5E9A3F145}"
EndProject
Project("{9A19103F-16F7-4668-BE54-9A1E7A4F7556}") = "GodzillaVsKong", "GodzillaVsKong\GodzillaVsKong.csproj", "{5752C950-1477-40C1-83C0-290A0098DE3C}"
EndProject
Project("{9A19103F-16F7-4668-BE54-9A1E7A4F7556}") = "WorldSwimmingRecord", "WorldSwimmingRecord\WorldSwimmingRecord.csproj", "{920A655A-DAA2-492E-BA18-3CE6669C318A}"
EndProject
Project("{9A19103F-16F7-4668-BE54-9A1E7A4F7556}") = "Scholarship", "Scholarship\Scholarship.csproj", "{17A8C478-8DE2-470A-AB4A-D126104D9297}"
EndProject
Global
	GlobalSection(SolutionConfigurationPlatforms) = preSolution
		Debug|Any CPU = Debug|Any CPU
		Release|Any CPU = Release|Any CPU
	EndGlobalSection
	GlobalSection(ProjectConfigurationPlatforms) = postSolution
		{F64AB57E-15BC-4E98-B483-52D79874672A}.Debug|Any CPU.ActiveCfg = Debug|Any CPU
		{F64AB57E-15BC-4E98-B483-52D79874672A}.Debug|Any CPU.Build.0 = Debug|Any CPU
		{F64AB57E-15BC-4E98-B483-52D79874672A}.Release|Any CPU.ActiveCfg = Release|Any CPU
		{F64AB57E-15BC-4E98-B483-52D79874672A}.Release|Any CPU.Build.0 = Release|Any CPU
		{CCE53537-D41C-432B-87F6-EC4E060A8159}.Debug|Any CPU.ActiveCfg = Debug|Any CPU
		{CCE53537-D41C-432B-87F6-EC4E060A8159}.Debug|Any CPU.Build.0 = Debug|Any CPU
		{CCE53537-D41C-432B-87F6-EC4E060A8159}.Release|Any CPU.ActiveCfg = Release|Any CPU
		{CCE53537-D41C-432B-87F6-EC4E060A8159}.Release|Any CPU.Build.0 = Release|Any CPU
		{4DF40276-47CE-4588-92CD-A59001F094CC}.Debug|Any CPU.ActiveCfg = Debug|Any CPU
		{4DF40276-47CE-4588-92CD-A59001F094CC}.Debug|Any CPU.Build.0 = Debug|Any CPU
		{4DF40276-47CE-4588-92CD-A59001F094CC}.Release|Any CPU.ActiveCfg = Release|Any CPU
		{4DF40276-47CE-4588-92CD-A59001F094CC}.Release|Any CPU.Build.0 = Release|Any CPU
		{B1DBB369-0C82-4C16-BEC2-E04B2ADBAA11}.Debug|Any CPU.ActiveCfg = Debug|Any CPU
		{B1DBB369-0C82-4C16-BEC2-E04B2ADBAA11}.Debug|Any CPU.Build.0 = Debug|Any CPU
		{B1DBB369-0C82-4C16-BEC2-E04B2ADBAA11}.Release|Any CPU.ActiveCfg = Release|Any CPU
		{B1DBB369-0C82-4C16-BEC2-E04B2ADBAA11}.Release|Any CPU.Build.0 = Release|Any CPU
		{92D2948D-5CDC-4D32-8CAB-7B9A2C8637EB}.Debug|Any CPU.ActiveCfg = Debug|Any CPU
		{92D2948D-5CDC-4D32-8CAB-7B9A2C8637EB}.Debug|Any CPU.Build.0 = Debug|Any CPU
		{92D2948D-5CDC-4D32-8CAB-7B9A2C8637EB}.Release|Any CPU.ActiveCfg = Release|Any CPU
		{92D2948D-5CDC-4D32-8CAB-7B9A2C8637EB}.Release|Any CPU.Build.0 = Release|Any CPU
		{6380A726-E6E7-4FE6-87A5-D01B3414DAAA}.Debug|Any CPU.ActiveCfg = Debug|Any CPU
		{6380A726-E6E7-4FE6-87A5-D01B3414DAAA}.Debug|Any CPU.Build.0 = Debug|Any CPU
		{6380A726-E6E7-4FE6-87A5-D01B3414DAAA}.Release|Any CPU.ActiveCfg = Release|Any CPU
		{6380A726-E6E7-4FE6-87A5-D01B3414DAAA}.Release|Any CPU.Build.0 = Release|Any CPU
		{7E256E11-B9CA-4392-B55E-92C8F52707D9}.Debug|Any CPU.ActiveCfg = Debug|Any CPU
		{7E256E11-B9CA-4392-B55E-92C8F52707D9}.Debug|Any CPU.Build.0 = Debug|Any CPU
		{7E256E11-B9CA-4392-B55E-92C8F52707D9}.Release|Any CPU.ActiveCfg = Release|Any CPU
		{7E256E11-B9CA-4392-B55E-92C8F52707D9}.Release|Any CPU.Build.0 = Release|Any CPU
		{A3432CA0-39F4-4953-B7FA-5FE75B614F07}.Debug|Any CPU.ActiveCfg = Debug|Any CPU
		{A3432CA0-39F4-4953-B7FA-5FE75B614F07}.Debug|Any CPU.Build.0 = Debug|Any CPU
		{A3432CA0-39F4-4953-B7FA-5FE75B614F07}.Release|Any CPU.ActiveCfg = Release|Any CPU
		{A3432CA0-39F4-4953-B7FA-5FE75B614F07}.Release|Any CPU.Build.0 = Release|Any CPU
		{0948F91E-2372-4A27-A42B-77890DD808A7}.Debug|Any CPU.ActiveCfg = Debug|Any CPU
		{0948F91E-2372-4A27-A42B-77890DD808A7}.Debug|Any CPU.Build.0 = Debug|Any CPU
		{0948F91E-2372-4A27-A42B-77890DD808A7}.Release|Any CPU.ActiveCfg = Release|Any CPU
		{0948F91E-2372-4A27-A42B-77890DD808A7}.Release|Any CPU.Build.0 = Release|Any CPU
		{BB784AAA-5015-4B4C-8F21-6B7C3C176F78}.Debug|Any CPU.ActiveCfg = Debug|Any CPU
		{BB784AAA-5015-4B4C-8F21-6B7C3C176F78}.Debug|Any CPU.Build.0 = Debug|Any CPU
		{BB784AAA-5015-4B4C-8F21-6B7C3C176F78}.Release|Any CPU.ActiveCfg = Release|Any CPU
		{BB784AAA-5015-4B4C-8F21-6B7C3C176F78}.Release|Any CPU.Build.0 = Release|Any CPU
		{6BBBEC8D-6C08-41F0-909B-FA076B5D5CBD}.Debug|Any CPU.ActiveCfg = Debug|Any CPU
		{6BBBEC8D-6C08-41F0-909B-FA076B5D5CBD}.Debug|Any CPU.Build.0 = Debug|Any CPU
		{6BBBEC8D-6C08-41F0-909B-FA076B5D5CBD}.Release|Any CPU.ActiveCfg = Release|Any CPU
		{6BBBEC8D-6C08-41F0-909B-FA076B5D5CBD}.Release|Any CPU.Build.0 = Release|Any CPU
		{A28AA0DF-F784-4548-BA31-ADE5E9A3F145}.Debug|Any CPU.ActiveCfg = Debug|Any CPU
		{A28AA0DF-F784-4548-BA31-ADE5E9A3F145}.Debug|Any CPU.Build.0 = Debug|Any CPU
		{A28AA0DF-F784-4548-BA31-ADE5E9A3F145}.Release|Any CPU.ActiveCfg = Release|Any CPU
		{A28AA0DF-F784-4548-BA31-ADE5E9A3F145}.Release|Any CPU.Build.0 = Release|Any CPU
		{5752C950-1477-40C1-83C0-290A0098DE3C}.Debug|Any CPU.ActiveCfg = Debug|Any CPU
		{5752C950-1477-40C1-83C0-290A0098DE3C}.Debug|Any CPU.Build.0 = Debug|Any CPU
		{5752C950-1477-40C1-83C0-290A0098DE3C}.Release|Any CPU.ActiveCfg = Release|Any CPU
		{5752C950-1477-40C1-83C0-290A0098DE3C}.Release|Any CPU.Build.0 = Release|Any CPU
		{920A655A-DAA2-492E-BA18-3CE6669C318A}.Debug|Any CPU.ActiveCfg = Debug|Any CPU
		{920A655A-DAA2-492E-BA18-3CE6669C318A}.Debug|Any CPU.Build.0 = Debug|Any CPU
		{920A655A-DAA2-492E-BA18-3CE6669C318A}.Release|Any CPU.ActiveCfg = Release|Any CPU
		{920A655A-DAA2-492E-BA18-3CE6669C318A}.Release|Any CPU.Build.0 = Release|Any CPU
		{17A8C478-8DE2-470A-AB4A-D126104D9297}.Debug|Any CPU.ActiveCfg = Debug|Any CPU
		{17A8C478-8DE2-470A-AB4A-D126104D9297}.Debug|Any CPU.Build.0 = Debug|Any CPU
		{17A8C478-8DE2-470A-AB4A-D126104D9297}.Release|Any CPU.ActiveCfg = Release|Any CPU
		{17A8C478-8DE2-470A-AB4A-D126104D9297}.Release|Any CPU.Build.0 = Release|Any CPU
	EndGlobalSection
	GlobalSection(SolutionProperties) = preSolution
		HideSolutionNode = FALSE
	EndGlobalSection
	GlobalSection(ExtensibilityGlobals) = postSolution
		SolutionGuid = {B347B0A8-9CD3-4C86-919A-962508E5BB98}
	EndGlobalSection
EndGlobal
