
Microsoft Visual Studio Solution File, Format Version 12.00
# Visual Studio Version 16
VisualStudioVersion = 16.0.30907.101
MinimumVisualStudioVersion = 10.0.40219.1
Project("{9A19103F-16F7-4668-BE54-9A1E7A4F7556}") = "Perfect Diamond", "Perfect Diamond\Perfect Diamond.csproj", "{D2883D3C-597A-495A-8B4E-B8B3810240C1}"
EndProject
Project("{9A19103F-16F7-4668-BE54-9A1E7A4F7556}") = "Rectangle with Stars", "Rectangle with Stars\Rectangle with Stars.csproj", "{E07CF28A-CB60-426A-AF95-AF12AD6CF671}"
EndProject
Project("{9A19103F-16F7-4668-BE54-9A1E7A4F7556}") = "Increasing 4 Numbers", "Increasing 4 Numbers\Increasing 4 Numbers.csproj", "{07865079-0550-4BB2-9705-D5C91BBA4DC9}"
EndProject
Project("{9A19103F-16F7-4668-BE54-9A1E7A4F7556}") = "Distance", "Distance\Distance.csproj", "{D0F18F46-63DF-481F-BDBF-7E2014D7D5D1}"
EndProject
Project("{9A19103F-16F7-4668-BE54-9A1E7A4F7556}") = "Change Tiles", "Change Tiles\Change Tiles.csproj", "{7563508C-9DEB-45DD-BE20-E97089395B4D}"
EndProject
Project("{9A19103F-16F7-4668-BE54-9A1E7A4F7556}") = "Christmas Hat", "Christmas Hat\Christmas Hat.csproj", "{00B8AA44-359D-45CA-B764-B8121DA2F893}"
EndProject
Project("{9A19103F-16F7-4668-BE54-9A1E7A4F7556}") = "Christmas Tree", "Christmas Tree\Christmas Tree.csproj", "{C6A47152-C05A-45EB-A176-99B1A5C7550F}"
EndProject
Project("{9A19103F-16F7-4668-BE54-9A1E7A4F7556}") = "Square Frame", "Square Frame\Square Frame.csproj", "{2AF8920B-01DD-4F70-BB5D-FDAF8644EBCB}"
EndProject
Project("{9A19103F-16F7-4668-BE54-9A1E7A4F7556}") = "Rhombus of Stars", "Rhombus of Stars\Rhombus of Stars.csproj", "{B8342D65-21C5-42B1-8356-E7A790176A8C}"
EndProject
Project("{9A19103F-16F7-4668-BE54-9A1E7A4F7556}") = "Sunglasses", "Sunglasses\Sunglasses.csproj", "{0C98500D-C349-4792-AFB4-8C5FC3261E69}"
EndProject
Project("{9A19103F-16F7-4668-BE54-9A1E7A4F7556}") = "House", "House\House.csproj", "{4D723775-98A8-4B4C-B09E-5AD897EF8215}"
EndProject
Project("{9A19103F-16F7-4668-BE54-9A1E7A4F7556}") = "Diamond", "Diamond\Diamond.csproj", "{3F8B6510-2EB8-445A-98A6-67FFA6B8EF8F}"
EndProject
Project("{9A19103F-16F7-4668-BE54-9A1E7A4F7556}") = "On Time for the Exam", "On Time for the Exam\On Time for the Exam.csproj", "{DC5FB53C-687A-42C3-BDE1-EA8004C540CB}"
EndProject
Project("{9A19103F-16F7-4668-BE54-9A1E7A4F7556}") = "Trip", "Trip\Trip.csproj", "{9A21BEE1-3CCE-46FE-ABCE-1EE16F2577CF}"
EndProject
Project("{9A19103F-16F7-4668-BE54-9A1E7A4F7556}") = "Operations", "Operations\Operations.csproj", "{05EDD44F-F7DA-4D45-9FFE-8E13D5DC4B73}"
EndProject
Project("{9A19103F-16F7-4668-BE54-9A1E7A4F7556}") = "Match Tickets", "Match Tickets\Match Tickets.csproj", "{332BCB4C-FC8E-458F-BCD3-4777CDB461AA}"
EndProject
Project("{9A19103F-16F7-4668-BE54-9A1E7A4F7556}") = "Point on Rectangle Border", "Point on Rectangle Border\Point on Rectangle Border.csproj", "{20BE5165-6708-4E61-B3ED-0F881709EC16}"
EndProject
Project("{9A19103F-16F7-4668-BE54-9A1E7A4F7556}") = "Draw Fort", "Draw Fort\Draw Fort.csproj", "{62B6FF1A-48E2-41A4-8575-8C4BC7BDBDA9}"
EndProject
Project("{9A19103F-16F7-4668-BE54-9A1E7A4F7556}") = "Butterfly", "Butterfly\Butterfly.csproj", "{5F22D2EC-7E62-4BA0-B097-E1199747CF64}"
EndProject
Project("{9A19103F-16F7-4668-BE54-9A1E7A4F7556}") = "Stop", "Stop\Stop.csproj", "{747A123B-0B2D-49DC-AAD5-645B20EC44F6}"
EndProject
Project("{9A19103F-16F7-4668-BE54-9A1E7A4F7556}") = "Arrow", "Arrow\Arrow.csproj", "{39510748-15BB-4FF0-8B48-1339CC3F9604}"
EndProject
Project("{9A19103F-16F7-4668-BE54-9A1E7A4F7556}") = "Axe", "Axe\Axe.csproj", "{22DD46A7-F2B8-4D3D-9246-FB21F9438968}"
EndProject
Project("{FAE04EC0-301F-11D3-BF4B-00C04F79EFBC}") = "Training Lab", "Training Lab\Training Lab.csproj", "{0228E666-90DF-4A45-8ABE-4BB63BFD5B3F}"
EndProject
Project("{FAE04EC0-301F-11D3-BF4B-00C04F79EFBC}") = "Vegetable Market", "Vegetable Market\Vegetable Market.csproj", "{E7EE56B7-A22B-4B8F-B307-186BB9657D4B}"
EndProject
Project("{FAE04EC0-301F-11D3-BF4B-00C04F79EFBC}") = "Change Tiles v2", "Change Tiles v2\Change Tiles v2.csproj", "{2B3B76C5-5BCA-460C-93F1-7913C925B954}"
EndProject
Project("{FAE04EC0-301F-11D3-BF4B-00C04F79EFBC}") = "Money", "Money\Money.csproj", "{294D5637-F72E-44EC-97B9-D6287CC50173}"
EndProject
Project("{FAE04EC0-301F-11D3-BF4B-00C04F79EFBC}") = "Daily Earnings", "Daily Earnings\Daily Earnings.csproj", "{195DF2D5-1876-4932-AF87-EAF655BDE369}"
EndProject
Project("{FAE04EC0-301F-11D3-BF4B-00C04F79EFBC}") = "Triangle Area", "Triangle Area\Triangle Area.csproj", "{3A478106-7436-4DEA-841B-BB1AE3CD4FBF}"
EndProject
Global
	GlobalSection(SolutionConfigurationPlatforms) = preSolution
		Debug|Any CPU = Debug|Any CPU
		Release|Any CPU = Release|Any CPU
	EndGlobalSection
	GlobalSection(ProjectConfigurationPlatforms) = postSolution
		{D2883D3C-597A-495A-8B4E-B8B3810240C1}.Debug|Any CPU.ActiveCfg = Debug|Any CPU
		{D2883D3C-597A-495A-8B4E-B8B3810240C1}.Debug|Any CPU.Build.0 = Debug|Any CPU
		{D2883D3C-597A-495A-8B4E-B8B3810240C1}.Release|Any CPU.ActiveCfg = Release|Any CPU
		{D2883D3C-597A-495A-8B4E-B8B3810240C1}.Release|Any CPU.Build.0 = Release|Any CPU
		{E07CF28A-CB60-426A-AF95-AF12AD6CF671}.Debug|Any CPU.ActiveCfg = Debug|Any CPU
		{E07CF28A-CB60-426A-AF95-AF12AD6CF671}.Debug|Any CPU.Build.0 = Debug|Any CPU
		{E07CF28A-CB60-426A-AF95-AF12AD6CF671}.Release|Any CPU.ActiveCfg = Release|Any CPU
		{E07CF28A-CB60-426A-AF95-AF12AD6CF671}.Release|Any CPU.Build.0 = Release|Any CPU
		{07865079-0550-4BB2-9705-D5C91BBA4DC9}.Debug|Any CPU.ActiveCfg = Debug|Any CPU
		{07865079-0550-4BB2-9705-D5C91BBA4DC9}.Debug|Any CPU.Build.0 = Debug|Any CPU
		{07865079-0550-4BB2-9705-D5C91BBA4DC9}.Release|Any CPU.ActiveCfg = Release|Any CPU
		{07865079-0550-4BB2-9705-D5C91BBA4DC9}.Release|Any CPU.Build.0 = Release|Any CPU
		{D0F18F46-63DF-481F-BDBF-7E2014D7D5D1}.Debug|Any CPU.ActiveCfg = Debug|Any CPU
		{D0F18F46-63DF-481F-BDBF-7E2014D7D5D1}.Debug|Any CPU.Build.0 = Debug|Any CPU
		{D0F18F46-63DF-481F-BDBF-7E2014D7D5D1}.Release|Any CPU.ActiveCfg = Release|Any CPU
		{D0F18F46-63DF-481F-BDBF-7E2014D7D5D1}.Release|Any CPU.Build.0 = Release|Any CPU
		{7563508C-9DEB-45DD-BE20-E97089395B4D}.Debug|Any CPU.ActiveCfg = Debug|Any CPU
		{7563508C-9DEB-45DD-BE20-E97089395B4D}.Debug|Any CPU.Build.0 = Debug|Any CPU
		{7563508C-9DEB-45DD-BE20-E97089395B4D}.Release|Any CPU.ActiveCfg = Release|Any CPU
		{7563508C-9DEB-45DD-BE20-E97089395B4D}.Release|Any CPU.Build.0 = Release|Any CPU
		{00B8AA44-359D-45CA-B764-B8121DA2F893}.Debug|Any CPU.ActiveCfg = Debug|Any CPU
		{00B8AA44-359D-45CA-B764-B8121DA2F893}.Debug|Any CPU.Build.0 = Debug|Any CPU
		{00B8AA44-359D-45CA-B764-B8121DA2F893}.Release|Any CPU.ActiveCfg = Release|Any CPU
		{00B8AA44-359D-45CA-B764-B8121DA2F893}.Release|Any CPU.Build.0 = Release|Any CPU
		{C6A47152-C05A-45EB-A176-99B1A5C7550F}.Debug|Any CPU.ActiveCfg = Debug|Any CPU
		{C6A47152-C05A-45EB-A176-99B1A5C7550F}.Debug|Any CPU.Build.0 = Debug|Any CPU
		{C6A47152-C05A-45EB-A176-99B1A5C7550F}.Release|Any CPU.ActiveCfg = Release|Any CPU
		{C6A47152-C05A-45EB-A176-99B1A5C7550F}.Release|Any CPU.Build.0 = Release|Any CPU
		{2AF8920B-01DD-4F70-BB5D-FDAF8644EBCB}.Debug|Any CPU.ActiveCfg = Debug|Any CPU
		{2AF8920B-01DD-4F70-BB5D-FDAF8644EBCB}.Debug|Any CPU.Build.0 = Debug|Any CPU
		{2AF8920B-01DD-4F70-BB5D-FDAF8644EBCB}.Release|Any CPU.ActiveCfg = Release|Any CPU
		{2AF8920B-01DD-4F70-BB5D-FDAF8644EBCB}.Release|Any CPU.Build.0 = Release|Any CPU
		{B8342D65-21C5-42B1-8356-E7A790176A8C}.Debug|Any CPU.ActiveCfg = Debug|Any CPU
		{B8342D65-21C5-42B1-8356-E7A790176A8C}.Debug|Any CPU.Build.0 = Debug|Any CPU
		{B8342D65-21C5-42B1-8356-E7A790176A8C}.Release|Any CPU.ActiveCfg = Release|Any CPU
		{B8342D65-21C5-42B1-8356-E7A790176A8C}.Release|Any CPU.Build.0 = Release|Any CPU
		{0C98500D-C349-4792-AFB4-8C5FC3261E69}.Debug|Any CPU.ActiveCfg = Debug|Any CPU
		{0C98500D-C349-4792-AFB4-8C5FC3261E69}.Debug|Any CPU.Build.0 = Debug|Any CPU
		{0C98500D-C349-4792-AFB4-8C5FC3261E69}.Release|Any CPU.ActiveCfg = Release|Any CPU
		{0C98500D-C349-4792-AFB4-8C5FC3261E69}.Release|Any CPU.Build.0 = Release|Any CPU
		{4D723775-98A8-4B4C-B09E-5AD897EF8215}.Debug|Any CPU.ActiveCfg = Debug|Any CPU
		{4D723775-98A8-4B4C-B09E-5AD897EF8215}.Debug|Any CPU.Build.0 = Debug|Any CPU
		{4D723775-98A8-4B4C-B09E-5AD897EF8215}.Release|Any CPU.ActiveCfg = Release|Any CPU
		{4D723775-98A8-4B4C-B09E-5AD897EF8215}.Release|Any CPU.Build.0 = Release|Any CPU
		{3F8B6510-2EB8-445A-98A6-67FFA6B8EF8F}.Debug|Any CPU.ActiveCfg = Debug|Any CPU
		{3F8B6510-2EB8-445A-98A6-67FFA6B8EF8F}.Debug|Any CPU.Build.0 = Debug|Any CPU
		{3F8B6510-2EB8-445A-98A6-67FFA6B8EF8F}.Release|Any CPU.ActiveCfg = Release|Any CPU
		{3F8B6510-2EB8-445A-98A6-67FFA6B8EF8F}.Release|Any CPU.Build.0 = Release|Any CPU
		{DC5FB53C-687A-42C3-BDE1-EA8004C540CB}.Debug|Any CPU.ActiveCfg = Debug|Any CPU
		{DC5FB53C-687A-42C3-BDE1-EA8004C540CB}.Debug|Any CPU.Build.0 = Debug|Any CPU
		{DC5FB53C-687A-42C3-BDE1-EA8004C540CB}.Release|Any CPU.ActiveCfg = Release|Any CPU
		{DC5FB53C-687A-42C3-BDE1-EA8004C540CB}.Release|Any CPU.Build.0 = Release|Any CPU
		{9A21BEE1-3CCE-46FE-ABCE-1EE16F2577CF}.Debug|Any CPU.ActiveCfg = Debug|Any CPU
		{9A21BEE1-3CCE-46FE-ABCE-1EE16F2577CF}.Debug|Any CPU.Build.0 = Debug|Any CPU
		{9A21BEE1-3CCE-46FE-ABCE-1EE16F2577CF}.Release|Any CPU.ActiveCfg = Release|Any CPU
		{9A21BEE1-3CCE-46FE-ABCE-1EE16F2577CF}.Release|Any CPU.Build.0 = Release|Any CPU
		{05EDD44F-F7DA-4D45-9FFE-8E13D5DC4B73}.Debug|Any CPU.ActiveCfg = Debug|Any CPU
		{05EDD44F-F7DA-4D45-9FFE-8E13D5DC4B73}.Debug|Any CPU.Build.0 = Debug|Any CPU
		{05EDD44F-F7DA-4D45-9FFE-8E13D5DC4B73}.Release|Any CPU.ActiveCfg = Release|Any CPU
		{05EDD44F-F7DA-4D45-9FFE-8E13D5DC4B73}.Release|Any CPU.Build.0 = Release|Any CPU
		{332BCB4C-FC8E-458F-BCD3-4777CDB461AA}.Debug|Any CPU.ActiveCfg = Debug|Any CPU
		{332BCB4C-FC8E-458F-BCD3-4777CDB461AA}.Debug|Any CPU.Build.0 = Debug|Any CPU
		{332BCB4C-FC8E-458F-BCD3-4777CDB461AA}.Release|Any CPU.ActiveCfg = Release|Any CPU
		{332BCB4C-FC8E-458F-BCD3-4777CDB461AA}.Release|Any CPU.Build.0 = Release|Any CPU
		{20BE5165-6708-4E61-B3ED-0F881709EC16}.Debug|Any CPU.ActiveCfg = Debug|Any CPU
		{20BE5165-6708-4E61-B3ED-0F881709EC16}.Debug|Any CPU.Build.0 = Debug|Any CPU
		{20BE5165-6708-4E61-B3ED-0F881709EC16}.Release|Any CPU.ActiveCfg = Release|Any CPU
		{20BE5165-6708-4E61-B3ED-0F881709EC16}.Release|Any CPU.Build.0 = Release|Any CPU
		{62B6FF1A-48E2-41A4-8575-8C4BC7BDBDA9}.Debug|Any CPU.ActiveCfg = Debug|Any CPU
		{62B6FF1A-48E2-41A4-8575-8C4BC7BDBDA9}.Debug|Any CPU.Build.0 = Debug|Any CPU
		{62B6FF1A-48E2-41A4-8575-8C4BC7BDBDA9}.Release|Any CPU.ActiveCfg = Release|Any CPU
		{62B6FF1A-48E2-41A4-8575-8C4BC7BDBDA9}.Release|Any CPU.Build.0 = Release|Any CPU
		{5F22D2EC-7E62-4BA0-B097-E1199747CF64}.Debug|Any CPU.ActiveCfg = Debug|Any CPU
		{5F22D2EC-7E62-4BA0-B097-E1199747CF64}.Debug|Any CPU.Build.0 = Debug|Any CPU
		{5F22D2EC-7E62-4BA0-B097-E1199747CF64}.Release|Any CPU.ActiveCfg = Release|Any CPU
		{5F22D2EC-7E62-4BA0-B097-E1199747CF64}.Release|Any CPU.Build.0 = Release|Any CPU
		{747A123B-0B2D-49DC-AAD5-645B20EC44F6}.Debug|Any CPU.ActiveCfg = Debug|Any CPU
		{747A123B-0B2D-49DC-AAD5-645B20EC44F6}.Debug|Any CPU.Build.0 = Debug|Any CPU
		{747A123B-0B2D-49DC-AAD5-645B20EC44F6}.Release|Any CPU.ActiveCfg = Release|Any CPU
		{747A123B-0B2D-49DC-AAD5-645B20EC44F6}.Release|Any CPU.Build.0 = Release|Any CPU
		{39510748-15BB-4FF0-8B48-1339CC3F9604}.Debug|Any CPU.ActiveCfg = Debug|Any CPU
		{39510748-15BB-4FF0-8B48-1339CC3F9604}.Debug|Any CPU.Build.0 = Debug|Any CPU
		{39510748-15BB-4FF0-8B48-1339CC3F9604}.Release|Any CPU.ActiveCfg = Release|Any CPU
		{39510748-15BB-4FF0-8B48-1339CC3F9604}.Release|Any CPU.Build.0 = Release|Any CPU
		{22DD46A7-F2B8-4D3D-9246-FB21F9438968}.Debug|Any CPU.ActiveCfg = Debug|Any CPU
		{22DD46A7-F2B8-4D3D-9246-FB21F9438968}.Debug|Any CPU.Build.0 = Debug|Any CPU
		{22DD46A7-F2B8-4D3D-9246-FB21F9438968}.Release|Any CPU.ActiveCfg = Release|Any CPU
		{22DD46A7-F2B8-4D3D-9246-FB21F9438968}.Release|Any CPU.Build.0 = Release|Any CPU
		{0228E666-90DF-4A45-8ABE-4BB63BFD5B3F}.Debug|Any CPU.ActiveCfg = Debug|Any CPU
		{0228E666-90DF-4A45-8ABE-4BB63BFD5B3F}.Debug|Any CPU.Build.0 = Debug|Any CPU
		{0228E666-90DF-4A45-8ABE-4BB63BFD5B3F}.Release|Any CPU.ActiveCfg = Release|Any CPU
		{0228E666-90DF-4A45-8ABE-4BB63BFD5B3F}.Release|Any CPU.Build.0 = Release|Any CPU
		{E7EE56B7-A22B-4B8F-B307-186BB9657D4B}.Debug|Any CPU.ActiveCfg = Debug|Any CPU
		{E7EE56B7-A22B-4B8F-B307-186BB9657D4B}.Debug|Any CPU.Build.0 = Debug|Any CPU
		{E7EE56B7-A22B-4B8F-B307-186BB9657D4B}.Release|Any CPU.ActiveCfg = Release|Any CPU
		{E7EE56B7-A22B-4B8F-B307-186BB9657D4B}.Release|Any CPU.Build.0 = Release|Any CPU
		{2B3B76C5-5BCA-460C-93F1-7913C925B954}.Debug|Any CPU.ActiveCfg = Debug|Any CPU
		{2B3B76C5-5BCA-460C-93F1-7913C925B954}.Debug|Any CPU.Build.0 = Debug|Any CPU
		{2B3B76C5-5BCA-460C-93F1-7913C925B954}.Release|Any CPU.ActiveCfg = Release|Any CPU
		{2B3B76C5-5BCA-460C-93F1-7913C925B954}.Release|Any CPU.Build.0 = Release|Any CPU
		{294D5637-F72E-44EC-97B9-D6287CC50173}.Debug|Any CPU.ActiveCfg = Debug|Any CPU
		{294D5637-F72E-44EC-97B9-D6287CC50173}.Debug|Any CPU.Build.0 = Debug|Any CPU
		{294D5637-F72E-44EC-97B9-D6287CC50173}.Release|Any CPU.ActiveCfg = Release|Any CPU
		{294D5637-F72E-44EC-97B9-D6287CC50173}.Release|Any CPU.Build.0 = Release|Any CPU
		{195DF2D5-1876-4932-AF87-EAF655BDE369}.Debug|Any CPU.ActiveCfg = Debug|Any CPU
		{195DF2D5-1876-4932-AF87-EAF655BDE369}.Debug|Any CPU.Build.0 = Debug|Any CPU
		{195DF2D5-1876-4932-AF87-EAF655BDE369}.Release|Any CPU.ActiveCfg = Release|Any CPU
		{195DF2D5-1876-4932-AF87-EAF655BDE369}.Release|Any CPU.Build.0 = Release|Any CPU
		{3A478106-7436-4DEA-841B-BB1AE3CD4FBF}.Debug|Any CPU.ActiveCfg = Debug|Any CPU
		{3A478106-7436-4DEA-841B-BB1AE3CD4FBF}.Debug|Any CPU.Build.0 = Debug|Any CPU
		{3A478106-7436-4DEA-841B-BB1AE3CD4FBF}.Release|Any CPU.ActiveCfg = Release|Any CPU
		{3A478106-7436-4DEA-841B-BB1AE3CD4FBF}.Release|Any CPU.Build.0 = Release|Any CPU
	EndGlobalSection
	GlobalSection(SolutionProperties) = preSolution
		HideSolutionNode = FALSE
	EndGlobalSection
	GlobalSection(ExtensibilityGlobals) = postSolution
		SolutionGuid = {C64C315A-15EB-4700-83F0-C51C5B356806}
	EndGlobalSection
EndGlobal
